// !$*UTF8*$!
{
	archiveVersion = 1;
	classes = {
	};
	objectVersion = 56;
	objects = {

/* Begin PBXBuildFile section */
		9815AF1D2907EEFB009F2E2B /* PalHomeSceneV2.swift in Sources */ = {isa = PBXBuildFile; fileRef = 9815AF1C2907EEFB009F2E2B /* PalHomeSceneV2.swift */; };
		9815AF22290A08A0009F2E2B /* PalNode.swift in Sources */ = {isa = PBXBuildFile; fileRef = 9815AF21290A08A0009F2E2B /* PalNode.swift */; };
		9815AF26290DAE21009F2E2B /* Calendar.swift in Sources */ = {isa = PBXBuildFile; fileRef = 9815AF25290DAE21009F2E2B /* Calendar.swift */; };
		9823110D291571C1004692B8 /* PalNodeV2.swift in Sources */ = {isa = PBXBuildFile; fileRef = 9823110C291571C1004692B8 /* PalNodeV2.swift */; };
		9823110F29230AD6004692B8 /* Utils.swift in Sources */ = {isa = PBXBuildFile; fileRef = 9823110E29230AD6004692B8 /* Utils.swift */; };
		9837000428F62CDE00714918 /* HealthRing.swift in Sources */ = {isa = PBXBuildFile; fileRef = 9837000328F62CDE00714918 /* HealthRing.swift */; };
		9837000728FF66DA00714918 /* ActivityStorage.swift in Sources */ = {isa = PBXBuildFile; fileRef = 9837000628FF66DA00714918 /* ActivityStorage.swift */; };
		9837FFCD28F19DE600714918 /* PalAppApp.swift in Sources */ = {isa = PBXBuildFile; fileRef = 9837FFCC28F19DE600714918 /* PalAppApp.swift */; };
		9837FFCF28F19DE600714918 /* ContentView.swift in Sources */ = {isa = PBXBuildFile; fileRef = 9837FFCE28F19DE600714918 /* ContentView.swift */; };
		9837FFD128F19DE700714918 /* Assets.xcassets in Resources */ = {isa = PBXBuildFile; fileRef = 9837FFD028F19DE700714918 /* Assets.xcassets */; };
		9837FFD428F19DE700714918 /* Preview Assets.xcassets in Resources */ = {isa = PBXBuildFile; fileRef = 9837FFD328F19DE700714918 /* Preview Assets.xcassets */; };
		9837FFDC28F1A23F00714918 /* Home.swift in Sources */ = {isa = PBXBuildFile; fileRef = 9837FFDB28F1A23F00714918 /* Home.swift */; };
		9837FFDF28F1A43900714918 /* StatsBar.swift in Sources */ = {isa = PBXBuildFile; fileRef = 9837FFDE28F1A43900714918 /* StatsBar.swift */; };
		9837FFE128F1A45500714918 /* ProgressIndicator.swift in Sources */ = {isa = PBXBuildFile; fileRef = 9837FFE028F1A45500714918 /* ProgressIndicator.swift */; };
		9837FFE428F1A83100714918 /* PalStat.swift in Sources */ = {isa = PBXBuildFile; fileRef = 9837FFE328F1A83100714918 /* PalStat.swift */; };
		9837FFE728F25FB500714918 /* HealthStore.swift in Sources */ = {isa = PBXBuildFile; fileRef = 9837FFE628F25FB500714918 /* HealthStore.swift */; };
		9837FFE928F265F500714918 /* PalStore.swift in Sources */ = {isa = PBXBuildFile; fileRef = 9837FFE828F265F500714918 /* PalStore.swift */; };
		9837FFEE28F2F1F000714918 /* Start.swift in Sources */ = {isa = PBXBuildFile; fileRef = 9837FFED28F2F1F000714918 /* Start.swift */; };
		9837FFF028F2F22300714918 /* ActionButton.swift in Sources */ = {isa = PBXBuildFile; fileRef = 9837FFEF28F2F22300714918 /* ActionButton.swift */; };
		9837FFF328F2F37100714918 /* ViewRouter.swift in Sources */ = {isa = PBXBuildFile; fileRef = 9837FFF228F2F37100714918 /* ViewRouter.swift */; };
		9837FFF528F2F3A200714918 /* Route.swift in Sources */ = {isa = PBXBuildFile; fileRef = 9837FFF428F2F3A200714918 /* Route.swift */; };
		9837FFF728F2F3D800714918 /* GlobalView.swift in Sources */ = {isa = PBXBuildFile; fileRef = 9837FFF628F2F3D800714918 /* GlobalView.swift */; };
		9837FFF928F2F42700714918 /* SharedStore.swift in Sources */ = {isa = PBXBuildFile; fileRef = 9837FFF828F2F42700714918 /* SharedStore.swift */; };
		9837FFFB28F469C300714918 /* PalState.swift in Sources */ = {isa = PBXBuildFile; fileRef = 9837FFFA28F469C300714918 /* PalState.swift */; };
		9837FFFD28F46A5300714918 /* Pal.swift in Sources */ = {isa = PBXBuildFile; fileRef = 9837FFFC28F46A5300714918 /* Pal.swift */; };
		989FACE029036B5700AB3148 /* CGContextExtension.swift in Sources */ = {isa = PBXBuildFile; fileRef = 989FACDF29036B5700AB3148 /* CGContextExtension.swift */; };
		98D52EAA2900AB1500DF0CEA /* PalHomeScene.swift in Sources */ = {isa = PBXBuildFile; fileRef = 98D52EA92900AB1500DF0CEA /* PalHomeScene.swift */; };
/* End PBXBuildFile section */

/* Begin PBXFileReference section */
		9815AF1C2907EEFB009F2E2B /* PalHomeSceneV2.swift */ = {isa = PBXFileReference; lastKnownFileType = sourcecode.swift; path = PalHomeSceneV2.swift; sourceTree = "<group>"; };
		9815AF21290A08A0009F2E2B /* PalNode.swift */ = {isa = PBXFileReference; lastKnownFileType = sourcecode.swift; path = PalNode.swift; sourceTree = "<group>"; };
		9815AF25290DAE21009F2E2B /* Calendar.swift */ = {isa = PBXFileReference; lastKnownFileType = sourcecode.swift; path = Calendar.swift; sourceTree = "<group>"; };
		9823110C291571C1004692B8 /* PalNodeV2.swift */ = {isa = PBXFileReference; lastKnownFileType = sourcecode.swift; path = PalNodeV2.swift; sourceTree = "<group>"; };
		9823110E29230AD6004692B8 /* Utils.swift */ = {isa = PBXFileReference; lastKnownFileType = sourcecode.swift; path = Utils.swift; sourceTree = "<group>"; };
		9837000328F62CDE00714918 /* HealthRing.swift */ = {isa = PBXFileReference; lastKnownFileType = sourcecode.swift; path = HealthRing.swift; sourceTree = "<group>"; };
		9837000628FF66DA00714918 /* ActivityStorage.swift */ = {isa = PBXFileReference; lastKnownFileType = sourcecode.swift; path = ActivityStorage.swift; sourceTree = "<group>"; };
		9837FFC928F19DE600714918 /* PalApp.app */ = {isa = PBXFileReference; explicitFileType = wrapper.application; includeInIndex = 0; path = PalApp.app; sourceTree = BUILT_PRODUCTS_DIR; };
		9837FFCC28F19DE600714918 /* PalAppApp.swift */ = {isa = PBXFileReference; lastKnownFileType = sourcecode.swift; path = PalAppApp.swift; sourceTree = "<group>"; };
		9837FFCE28F19DE600714918 /* ContentView.swift */ = {isa = PBXFileReference; lastKnownFileType = sourcecode.swift; path = ContentView.swift; sourceTree = "<group>"; };
		9837FFD028F19DE700714918 /* Assets.xcassets */ = {isa = PBXFileReference; lastKnownFileType = folder.assetcatalog; path = Assets.xcassets; sourceTree = "<group>"; };
		9837FFD328F19DE700714918 /* Preview Assets.xcassets */ = {isa = PBXFileReference; lastKnownFileType = folder.assetcatalog; path = "Preview Assets.xcassets"; sourceTree = "<group>"; };
		9837FFDB28F1A23F00714918 /* Home.swift */ = {isa = PBXFileReference; lastKnownFileType = sourcecode.swift; path = Home.swift; sourceTree = "<group>"; };
		9837FFDE28F1A43900714918 /* StatsBar.swift */ = {isa = PBXFileReference; lastKnownFileType = sourcecode.swift; path = StatsBar.swift; sourceTree = "<group>"; };
		9837FFE028F1A45500714918 /* ProgressIndicator.swift */ = {isa = PBXFileReference; lastKnownFileType = sourcecode.swift; path = ProgressIndicator.swift; sourceTree = "<group>"; };
		9837FFE328F1A83100714918 /* PalStat.swift */ = {isa = PBXFileReference; lastKnownFileType = sourcecode.swift; path = PalStat.swift; sourceTree = "<group>"; };
		9837FFE628F25FB500714918 /* HealthStore.swift */ = {isa = PBXFileReference; lastKnownFileType = sourcecode.swift; path = HealthStore.swift; sourceTree = "<group>"; };
		9837FFE828F265F500714918 /* PalStore.swift */ = {isa = PBXFileReference; lastKnownFileType = sourcecode.swift; path = PalStore.swift; sourceTree = "<group>"; };
		9837FFEA28F2F0DF00714918 /* PalApp.entitlements */ = {isa = PBXFileReference; lastKnownFileType = text.plist.entitlements; path = PalApp.entitlements; sourceTree = "<group>"; };
		9837FFED28F2F1F000714918 /* Start.swift */ = {isa = PBXFileReference; lastKnownFileType = sourcecode.swift; path = Start.swift; sourceTree = "<group>"; };
		9837FFEF28F2F22300714918 /* ActionButton.swift */ = {isa = PBXFileReference; lastKnownFileType = sourcecode.swift; path = ActionButton.swift; sourceTree = "<group>"; };
		9837FFF228F2F37100714918 /* ViewRouter.swift */ = {isa = PBXFileReference; lastKnownFileType = sourcecode.swift; path = ViewRouter.swift; sourceTree = "<group>"; };
		9837FFF428F2F3A200714918 /* Route.swift */ = {isa = PBXFileReference; lastKnownFileType = sourcecode.swift; path = Route.swift; sourceTree = "<group>"; };
		9837FFF628F2F3D800714918 /* GlobalView.swift */ = {isa = PBXFileReference; lastKnownFileType = sourcecode.swift; path = GlobalView.swift; sourceTree = "<group>"; };
		9837FFF828F2F42700714918 /* SharedStore.swift */ = {isa = PBXFileReference; lastKnownFileType = sourcecode.swift; path = SharedStore.swift; sourceTree = "<group>"; };
		9837FFFA28F469C300714918 /* PalState.swift */ = {isa = PBXFileReference; lastKnownFileType = sourcecode.swift; path = PalState.swift; sourceTree = "<group>"; };
		9837FFFC28F46A5300714918 /* Pal.swift */ = {isa = PBXFileReference; lastKnownFileType = sourcecode.swift; path = Pal.swift; sourceTree = "<group>"; };
		989FACDF29036B5700AB3148 /* CGContextExtension.swift */ = {isa = PBXFileReference; lastKnownFileType = sourcecode.swift; path = CGContextExtension.swift; sourceTree = "<group>"; };
		98D52EA92900AB1500DF0CEA /* PalHomeScene.swift */ = {isa = PBXFileReference; lastKnownFileType = sourcecode.swift; path = PalHomeScene.swift; sourceTree = "<group>"; };
/* End PBXFileReference section */

/* Begin PBXFrameworksBuildPhase section */
		9837FFC628F19DE600714918 /* Frameworks */ = {
			isa = PBXFrameworksBuildPhase;
			buildActionMask = 2147483647;
			files = (
			);
			runOnlyForDeploymentPostprocessing = 0;
		};
/* End PBXFrameworksBuildPhase section */

/* Begin PBXGroup section */
		9815AF20290A07CE009F2E2B /* SpriteNodes */ = {
			isa = PBXGroup;
			children = (
				9815AF21290A08A0009F2E2B /* PalNode.swift */,
				9823110C291571C1004692B8 /* PalNodeV2.swift */,
			);
			path = SpriteNodes;
			sourceTree = "<group>";
		};
		9837000528FF66B700714918 /* Storage */ = {
			isa = PBXGroup;
			children = (
				9837000628FF66DA00714918 /* ActivityStorage.swift */,
			);
			path = Storage;
			sourceTree = "<group>";
		};
		9837FFC028F19DE600714918 = {
			isa = PBXGroup;
			children = (
				9837FFCB28F19DE600714918 /* PalApp */,
				9837FFCA28F19DE600714918 /* Products */,
			);
			sourceTree = "<group>";
		};
		9837FFCA28F19DE600714918 /* Products */ = {
			isa = PBXGroup;
			children = (
				9837FFC928F19DE600714918 /* PalApp.app */,
			);
			name = Products;
			sourceTree = "<group>";
		};
		9837FFCB28F19DE600714918 /* PalApp */ = {
			isa = PBXGroup;
			children = (
				9815AF20290A07CE009F2E2B /* SpriteNodes */,
				989FACD929036A7600AB3148 /* Extensions */,
				9837000528FF66B700714918 /* Storage */,
				9837FFFE28F493D100714918 /* Scenes */,
				9837FFF128F2F36500714918 /* Router */,
				9837FFE528F25F7800714918 /* Stores */,
				9837FFE228F1A82300714918 /* Models */,
				9837FFDD28F1A41900714918 /* Components */,
				9837FFDA28F1A1FC00714918 /* Views */,
				9837FFCC28F19DE600714918 /* PalAppApp.swift */,
				9837FFCE28F19DE600714918 /* ContentView.swift */,
				9837FFD028F19DE700714918 /* Assets.xcassets */,
				9837FFD228F19DE700714918 /* Preview Content */,
				9837FFF628F2F3D800714918 /* GlobalView.swift */,
				9837FFEA28F2F0DF00714918 /* PalApp.entitlements */,
				9823110E29230AD6004692B8 /* Utils.swift */,
			);
			path = PalApp;
			sourceTree = "<group>";
		};
		9837FFD228F19DE700714918 /* Preview Content */ = {
			isa = PBXGroup;
			children = (
				9837FFD328F19DE700714918 /* Preview Assets.xcassets */,
			);
			path = "Preview Content";
			sourceTree = "<group>";
		};
		9837FFDA28F1A1FC00714918 /* Views */ = {
			isa = PBXGroup;
			children = (
				9837FFDB28F1A23F00714918 /* Home.swift */,
				9837FFED28F2F1F000714918 /* Start.swift */,
			);
			path = Views;
			sourceTree = "<group>";
		};
		9837FFDD28F1A41900714918 /* Components */ = {
			isa = PBXGroup;
			children = (
				9837FFDE28F1A43900714918 /* StatsBar.swift */,
				9837FFE028F1A45500714918 /* ProgressIndicator.swift */,
				9837FFEF28F2F22300714918 /* ActionButton.swift */,
			);
			path = Components;
			sourceTree = "<group>";
		};
		9837FFE228F1A82300714918 /* Models */ = {
			isa = PBXGroup;
			children = (
				9837FFE328F1A83100714918 /* PalStat.swift */,
				9837FFFA28F469C300714918 /* PalState.swift */,
				9837FFFC28F46A5300714918 /* Pal.swift */,
				9837000328F62CDE00714918 /* HealthRing.swift */,
			);
			path = Models;
			sourceTree = "<group>";
		};
		9837FFE528F25F7800714918 /* Stores */ = {
			isa = PBXGroup;
			children = (
				9837FFE628F25FB500714918 /* HealthStore.swift */,
				9837FFE828F265F500714918 /* PalStore.swift */,
				9837FFF828F2F42700714918 /* SharedStore.swift */,
			);
			path = Stores;
			sourceTree = "<group>";
		};
		9837FFF128F2F36500714918 /* Router */ = {
			isa = PBXGroup;
			children = (
				9837FFF228F2F37100714918 /* ViewRouter.swift */,
				9837FFF428F2F3A200714918 /* Route.swift */,
			);
			path = Router;
			sourceTree = "<group>";
		};
		9837FFFE28F493D100714918 /* Scenes */ = {
			isa = PBXGroup;
			children = (
				98D52EA92900AB1500DF0CEA /* PalHomeScene.swift */,
				9815AF1C2907EEFB009F2E2B /* PalHomeSceneV2.swift */,
			);
			path = Scenes;
			sourceTree = "<group>";
		};
		989FACD929036A7600AB3148 /* Extensions */ = {
			isa = PBXGroup;
			children = (
				989FACDF29036B5700AB3148 /* CGContextExtension.swift */,
				9815AF25290DAE21009F2E2B /* Calendar.swift */,
			);
			path = Extensions;
			sourceTree = "<group>";
		};
/* End PBXGroup section */

/* Begin PBXNativeTarget section */
		9837FFC828F19DE600714918 /* PalApp */ = {
			isa = PBXNativeTarget;
			buildConfigurationList = 9837FFD728F19DE700714918 /* Build configuration list for PBXNativeTarget "PalApp" */;
			buildPhases = (
				9837FFC528F19DE600714918 /* Sources */,
				9837FFC628F19DE600714918 /* Frameworks */,
				9837FFC728F19DE600714918 /* Resources */,
			);
			buildRules = (
			);
			dependencies = (
			);
			name = PalApp;
			productName = PalApp;
			productReference = 9837FFC928F19DE600714918 /* PalApp.app */;
			productType = "com.apple.product-type.application";
		};
/* End PBXNativeTarget section */

/* Begin PBXProject section */
		9837FFC128F19DE600714918 /* Project object */ = {
			isa = PBXProject;
			attributes = {
				BuildIndependentTargetsInParallel = 1;
				LastSwiftUpdateCheck = 1400;
				LastUpgradeCheck = 1400;
				TargetAttributes = {
					9837FFC828F19DE600714918 = {
						CreatedOnToolsVersion = 14.0;
					};
				};
			};
			buildConfigurationList = 9837FFC428F19DE600714918 /* Build configuration list for PBXProject "PalApp" */;
			compatibilityVersion = "Xcode 14.0";
			developmentRegion = en;
			hasScannedForEncodings = 0;
			knownRegions = (
				en,
				Base,
			);
			mainGroup = 9837FFC028F19DE600714918;
			productRefGroup = 9837FFCA28F19DE600714918 /* Products */;
			projectDirPath = "";
			projectRoot = "";
			targets = (
				9837FFC828F19DE600714918 /* PalApp */,
			);
		};
/* End PBXProject section */

/* Begin PBXResourcesBuildPhase section */
		9837FFC728F19DE600714918 /* Resources */ = {
			isa = PBXResourcesBuildPhase;
			buildActionMask = 2147483647;
			files = (
				9837FFD428F19DE700714918 /* Preview Assets.xcassets in Resources */,
				9837FFD128F19DE700714918 /* Assets.xcassets in Resources */,
			);
			runOnlyForDeploymentPostprocessing = 0;
		};
/* End PBXResourcesBuildPhase section */

/* Begin PBXSourcesBuildPhase section */
		9837FFC528F19DE600714918 /* Sources */ = {
			isa = PBXSourcesBuildPhase;
			buildActionMask = 2147483647;
			files = (
				9837FFF928F2F42700714918 /* SharedStore.swift in Sources */,
				9837FFFD28F46A5300714918 /* Pal.swift in Sources */,
				989FACE029036B5700AB3148 /* CGContextExtension.swift in Sources */,
				98D52EAA2900AB1500DF0CEA /* PalHomeScene.swift in Sources */,
				9837FFCF28F19DE600714918 /* ContentView.swift in Sources */,
				9823110F29230AD6004692B8 /* Utils.swift in Sources */,
				9837FFDF28F1A43900714918 /* StatsBar.swift in Sources */,
				9837FFDC28F1A23F00714918 /* Home.swift in Sources */,
				9837FFE428F1A83100714918 /* PalStat.swift in Sources */,
				9837FFE728F25FB500714918 /* HealthStore.swift in Sources */,
				9837FFE928F265F500714918 /* PalStore.swift in Sources */,
				9837FFE128F1A45500714918 /* ProgressIndicator.swift in Sources */,
				9837FFFB28F469C300714918 /* PalState.swift in Sources */,
				9815AF26290DAE21009F2E2B /* Calendar.swift in Sources */,
				9823110D291571C1004692B8 /* PalNodeV2.swift in Sources */,
				9837FFF328F2F37100714918 /* ViewRouter.swift in Sources */,
				9837FFEE28F2F1F000714918 /* Start.swift in Sources */,
				9837000428F62CDE00714918 /* HealthRing.swift in Sources */,
				9837000728FF66DA00714918 /* ActivityStorage.swift in Sources */,
				9837FFF528F2F3A200714918 /* Route.swift in Sources */,
				9815AF22290A08A0009F2E2B /* PalNode.swift in Sources */,
				9837FFCD28F19DE600714918 /* PalAppApp.swift in Sources */,
				9837FFF728F2F3D800714918 /* GlobalView.swift in Sources */,
				9837FFF028F2F22300714918 /* ActionButton.swift in Sources */,
				9815AF1D2907EEFB009F2E2B /* PalHomeSceneV2.swift in Sources */,
			);
			runOnlyForDeploymentPostprocessing = 0;
		};
/* End PBXSourcesBuildPhase section */

/* Begin XCBuildConfiguration section */
		9837FFD528F19DE700714918 /* Debug */ = {
			isa = XCBuildConfiguration;
			buildSettings = {
				ALWAYS_SEARCH_USER_PATHS = NO;
				CLANG_ANALYZER_NONNULL = YES;
				CLANG_ANALYZER_NUMBER_OBJECT_CONVERSION = YES_AGGRESSIVE;
				CLANG_CXX_LANGUAGE_STANDARD = "gnu++20";
				CLANG_ENABLE_MODULES = YES;
				CLANG_ENABLE_OBJC_ARC = YES;
				CLANG_ENABLE_OBJC_WEAK = YES;
				CLANG_WARN_BLOCK_CAPTURE_AUTORELEASING = YES;
				CLANG_WARN_BOOL_CONVERSION = YES;
				CLANG_WARN_COMMA = YES;
				CLANG_WARN_CONSTANT_CONVERSION = YES;
				CLANG_WARN_DEPRECATED_OBJC_IMPLEMENTATIONS = YES;
				CLANG_WARN_DIRECT_OBJC_ISA_USAGE = YES_ERROR;
				CLANG_WARN_DOCUMENTATION_COMMENTS = YES;
				CLANG_WARN_EMPTY_BODY = YES;
				CLANG_WARN_ENUM_CONVERSION = YES;
				CLANG_WARN_INFINITE_RECURSION = YES;
				CLANG_WARN_INT_CONVERSION = YES;
				CLANG_WARN_NON_LITERAL_NULL_CONVERSION = YES;
				CLANG_WARN_OBJC_IMPLICIT_RETAIN_SELF = YES;
				CLANG_WARN_OBJC_LITERAL_CONVERSION = YES;
				CLANG_WARN_OBJC_ROOT_CLASS = YES_ERROR;
				CLANG_WARN_QUOTED_INCLUDE_IN_FRAMEWORK_HEADER = YES;
				CLANG_WARN_RANGE_LOOP_ANALYSIS = YES;
				CLANG_WARN_STRICT_PROTOTYPES = YES;
				CLANG_WARN_SUSPICIOUS_MOVE = YES;
				CLANG_WARN_UNGUARDED_AVAILABILITY = YES_AGGRESSIVE;
				CLANG_WARN_UNREACHABLE_CODE = YES;
				CLANG_WARN__DUPLICATE_METHOD_MATCH = YES;
				COPY_PHASE_STRIP = NO;
				DEBUG_INFORMATION_FORMAT = dwarf;
				ENABLE_STRICT_OBJC_MSGSEND = YES;
				ENABLE_TESTABILITY = YES;
				GCC_C_LANGUAGE_STANDARD = gnu11;
				GCC_DYNAMIC_NO_PIC = NO;
				GCC_NO_COMMON_BLOCKS = YES;
				GCC_OPTIMIZATION_LEVEL = 0;
				GCC_PREPROCESSOR_DEFINITIONS = (
					"DEBUG=1",
					"$(inherited)",
				);
				GCC_WARN_64_TO_32_BIT_CONVERSION = YES;
				GCC_WARN_ABOUT_RETURN_TYPE = YES_ERROR;
				GCC_WARN_UNDECLARED_SELECTOR = YES;
				GCC_WARN_UNINITIALIZED_AUTOS = YES_AGGRESSIVE;
				GCC_WARN_UNUSED_FUNCTION = YES;
				GCC_WARN_UNUSED_VARIABLE = YES;
				IPHONEOS_DEPLOYMENT_TARGET = 16.0;
				MTL_ENABLE_DEBUG_INFO = INCLUDE_SOURCE;
				MTL_FAST_MATH = YES;
				ONLY_ACTIVE_ARCH = YES;
				SDKROOT = iphoneos;
				SWIFT_ACTIVE_COMPILATION_CONDITIONS = DEBUG;
				SWIFT_OPTIMIZATION_LEVEL = "-Onone";
			};
			name = Debug;
		};
		9837FFD628F19DE700714918 /* Release */ = {
			isa = XCBuildConfiguration;
			buildSettings = {
				ALWAYS_SEARCH_USER_PATHS = NO;
				CLANG_ANALYZER_NONNULL = YES;
				CLANG_ANALYZER_NUMBER_OBJECT_CONVERSION = YES_AGGRESSIVE;
				CLANG_CXX_LANGUAGE_STANDARD = "gnu++20";
				CLANG_ENABLE_MODULES = YES;
				CLANG_ENABLE_OBJC_ARC = YES;
				CLANG_ENABLE_OBJC_WEAK = YES;
				CLANG_WARN_BLOCK_CAPTURE_AUTORELEASING = YES;
				CLANG_WARN_BOOL_CONVERSION = YES;
				CLANG_WARN_COMMA = YES;
				CLANG_WARN_CONSTANT_CONVERSION = YES;
				CLANG_WARN_DEPRECATED_OBJC_IMPLEMENTATIONS = YES;
				CLANG_WARN_DIRECT_OBJC_ISA_USAGE = YES_ERROR;
				CLANG_WARN_DOCUMENTATION_COMMENTS = YES;
				CLANG_WARN_EMPTY_BODY = YES;
				CLANG_WARN_ENUM_CONVERSION = YES;
				CLANG_WARN_INFINITE_RECURSION = YES;
				CLANG_WARN_INT_CONVERSION = YES;
				CLANG_WARN_NON_LITERAL_NULL_CONVERSION = YES;
				CLANG_WARN_OBJC_IMPLICIT_RETAIN_SELF = YES;
				CLANG_WARN_OBJC_LITERAL_CONVERSION = YES;
				CLANG_WARN_OBJC_ROOT_CLASS = YES_ERROR;
				CLANG_WARN_QUOTED_INCLUDE_IN_FRAMEWORK_HEADER = YES;
				CLANG_WARN_RANGE_LOOP_ANALYSIS = YES;
				CLANG_WARN_STRICT_PROTOTYPES = YES;
				CLANG_WARN_SUSPICIOUS_MOVE = YES;
				CLANG_WARN_UNGUARDED_AVAILABILITY = YES_AGGRESSIVE;
				CLANG_WARN_UNREACHABLE_CODE = YES;
				CLANG_WARN__DUPLICATE_METHOD_MATCH = YES;
				COPY_PHASE_STRIP = NO;
				DEBUG_INFORMATION_FORMAT = "dwarf-with-dsym";
				ENABLE_NS_ASSERTIONS = NO;
				ENABLE_STRICT_OBJC_MSGSEND = YES;
				GCC_C_LANGUAGE_STANDARD = gnu11;
				GCC_NO_COMMON_BLOCKS = YES;
				GCC_WARN_64_TO_32_BIT_CONVERSION = YES;
				GCC_WARN_ABOUT_RETURN_TYPE = YES_ERROR;
				GCC_WARN_UNDECLARED_SELECTOR = YES;
				GCC_WARN_UNINITIALIZED_AUTOS = YES_AGGRESSIVE;
				GCC_WARN_UNUSED_FUNCTION = YES;
				GCC_WARN_UNUSED_VARIABLE = YES;
				IPHONEOS_DEPLOYMENT_TARGET = 16.0;
				MTL_ENABLE_DEBUG_INFO = NO;
				MTL_FAST_MATH = YES;
				SDKROOT = iphoneos;
				SWIFT_COMPILATION_MODE = wholemodule;
				SWIFT_OPTIMIZATION_LEVEL = "-O";
				VALIDATE_PRODUCT = YES;
			};
			name = Release;
		};
		9837FFD828F19DE700714918 /* Debug */ = {
			isa = XCBuildConfiguration;
			buildSettings = {
				ASSETCATALOG_COMPILER_APPICON_NAME = AppIcon;
				ASSETCATALOG_COMPILER_GLOBAL_ACCENT_COLOR_NAME = AccentColor;
				CODE_SIGN_ENTITLEMENTS = PalApp/PalApp.entitlements;
				CODE_SIGN_STYLE = Automatic;
				CURRENT_PROJECT_VERSION = 1;
				DEVELOPMENT_ASSET_PATHS = "\"PalApp/Preview Content\"";
				DEVELOPMENT_TEAM = T977YR64JD;
				ENABLE_PREVIEWS = YES;
				GENERATE_INFOPLIST_FILE = YES;
				INFOPLIST_KEY_NSHealthShareUsageDescription = "PalApp requires reading your health data to sync Pal's lifestyle with your lifestyle. Please grant permission to use the application";
				INFOPLIST_KEY_UIApplicationSceneManifest_Generation = YES;
				INFOPLIST_KEY_UIApplicationSupportsIndirectInputEvents = YES;
				INFOPLIST_KEY_UILaunchScreen_Generation = YES;
				INFOPLIST_KEY_UISupportedInterfaceOrientations_iPad = "UIInterfaceOrientationPortrait UIInterfaceOrientationPortraitUpsideDown UIInterfaceOrientationLandscapeLeft UIInterfaceOrientationLandscapeRight";
				INFOPLIST_KEY_UISupportedInterfaceOrientations_iPhone = "UIInterfaceOrientationPortrait UIInterfaceOrientationLandscapeLeft UIInterfaceOrientationLandscapeRight";
				IPHONEOS_DEPLOYMENT_TARGET = 15.0;
				LD_RUNPATH_SEARCH_PATHS = (
					"$(inherited)",
					"@executable_path/Frameworks",
				);
				MARKETING_VERSION = 1.0;
				PRODUCT_BUNDLE_IDENTIFIER = rhys.PalApp;
				PRODUCT_NAME = "$(TARGET_NAME)";
				SWIFT_EMIT_LOC_STRINGS = YES;
				SWIFT_VERSION = 5.0;
				TARGETED_DEVICE_FAMILY = "1,2";
			};
			name = Debug;
		};
		9837FFD928F19DE700714918 /* Release */ = {
			isa = XCBuildConfiguration;
			buildSettings = {
				ASSETCATALOG_COMPILER_APPICON_NAME = AppIcon;
				ASSETCATALOG_COMPILER_GLOBAL_ACCENT_COLOR_NAME = AccentColor;
				CODE_SIGN_ENTITLEMENTS = PalApp/PalApp.entitlements;
				CODE_SIGN_STYLE = Automatic;
				CURRENT_PROJECT_VERSION = 1;
				DEVELOPMENT_ASSET_PATHS = "\"PalApp/Preview Content\"";
				DEVELOPMENT_TEAM = T977YR64JD;
				ENABLE_PREVIEWS = YES;
				GENERATE_INFOPLIST_FILE = YES;
				INFOPLIST_KEY_NSHealthShareUsageDescription = "PalApp requires reading your health data to sync Pal's lifestyle with your lifestyle. Please grant permission to use the application";
				INFOPLIST_KEY_UIApplicationSceneManifest_Generation = YES;
				INFOPLIST_KEY_UIApplicationSupportsIndirectInputEvents = YES;
				INFOPLIST_KEY_UILaunchScreen_Generation = YES;
				INFOPLIST_KEY_UISupportedInterfaceOrientations_iPad = "UIInterfaceOrientationPortrait UIInterfaceOrientationPortraitUpsideDown UIInterfaceOrientationLandscapeLeft UIInterfaceOrientationLandscapeRight";
				INFOPLIST_KEY_UISupportedInterfaceOrientations_iPhone = "UIInterfaceOrientationPortrait UIInterfaceOrientationLandscapeLeft UIInterfaceOrientationLandscapeRight";
				IPHONEOS_DEPLOYMENT_TARGET = 15.0;
				LD_RUNPATH_SEARCH_PATHS = (
					"$(inherited)",
					"@executable_path/Frameworks",
				);
				MARKETING_VERSION = 1.0;
				PRODUCT_BUNDLE_IDENTIFIER = rhys.PalApp;
				PRODUCT_NAME = "$(TARGET_NAME)";
				SWIFT_EMIT_LOC_STRINGS = YES;
				SWIFT_VERSION = 5.0;
				TARGETED_DEVICE_FAMILY = "1,2";
			};
			name = Release;
		};
/* End XCBuildConfiguration section */

/* Begin XCConfigurationList section */
		9837FFC428F19DE600714918 /* Build configuration list for PBXProject "PalApp" */ = {
			isa = XCConfigurationList;
			buildConfigurations = (
				9837FFD528F19DE700714918 /* Debug */,
				9837FFD628F19DE700714918 /* Release */,
			);
			defaultConfigurationIsVisible = 0;
			defaultConfigurationName = Release;
		};
		9837FFD728F19DE700714918 /* Build configuration list for PBXNativeTarget "PalApp" */ = {
			isa = XCConfigurationList;
			buildConfigurations = (
				9837FFD828F19DE700714918 /* Debug */,
				9837FFD928F19DE700714918 /* Release */,
			);
			defaultConfigurationIsVisible = 0;
			defaultConfigurationName = Release;
		};
/* End XCConfigurationList section */
	};
	rootObject = 9837FFC128F19DE600714918 /* Project object */;
}
